
Microsoft Visual Studio Solution File, Format Version 12.00
# Visual Studio Version 17
VisualStudioVersion = 17.14.36203.30 d17.14
MinimumVisualStudioVersion = 10.0.40219.1
Project("{FAE04EC0-301F-11D3-BF4B-00C04F79EFBC}") = "CSharpSystemEmailGenerator", "CSharpSystemEmailGenerator.csproj", "{0E376350-CBC6-40FD-BD82-EE8EFF75D34A}"
EndProject
Global
	GlobalSection(SolutionConfigurationPlatforms) = preSolution
		Debug|Any CPU = Debug|Any CPU
		Release|Any CPU = Release|Any CPU
	EndGlobalSection
	GlobalSection(ProjectConfigurationPlatforms) = postSolution
		{0E376350-CBC6-40FD-BD82-EE8EFF75D34A}.Debug|Any CPU.ActiveCfg = Debug|Any CPU
		{0E376350-CBC6-40FD-BD82-EE8EFF75D34A}.Debug|Any CPU.Build.0 = Debug|Any CPU
		{0E376350-CBC6-40FD-BD82-EE8EFF75D34A}.Release|Any CPU.ActiveCfg = Release|Any CPU
		{0E376350-CBC6-40FD-BD82-EE8EFF75D34A}.Release|Any CPU.Build.0 = Release|Any CPU
	EndGlobalSection
	GlobalSection(SolutionProperties) = preSolution
		HideSolutionNode = FALSE
	EndGlobalSection
	GlobalSection(ExtensibilityGlobals) = postSolution
		SolutionGuid = {5A1E3570-696A-4454-8EC6-CE5E98216292}
	EndGlobalSection
EndGlobal
